# THIS IS AN AUTOGENERATED FILE. DO NOT EDIT THIS FILE DIRECTLY.
# yarn lockfile v1


fluidbox@^2.0.5:
  version "2.0.5"
  resolved "https://registry.yarnpkg.com/fluidbox/-/fluidbox-2.0.5.tgz#753d2595c382b4c947adf7e1baca1bbfd2e22f94"
  dependencies:
    jquery ">=1.9"

jquery@>=1.4.0, jquery@>=1.9, jquery@^3.3.1:
  version "3.3.1"
  resolved "https://registry.yarnpkg.com/jquery/-/jquery-3.3.1.tgz#958ce29e81c9790f31be7792df5d4d95fc57fbca"

normalize-scss@^7.0.1:
  version "7.0.1"
  resolved "https://registry.yarnpkg.com/normalize-scss/-/normalize-scss-7.0.1.tgz#74485e82bb5d0526371136422a09fdb868ffc1a4"

throttle-debounce-fn@^1.0.1:
  version "1.0.1"
  resolved "https://registry.yarnpkg.com/throttle-debounce-fn/-/throttle-debounce-fn-1.0.1.tgz#baa530496a5fb567ab7bb373ea0778b9db962492"
  dependencies:
    jquery ">=1.4.0"
